
Microsoft Visual Studio Solution File, Format Version 12.00
# Visual Studio Version 16
VisualStudioVersion = 16.0.31205.134
MinimumVisualStudioVersion = 10.0.40219.1
Project("{FAE04EC0-301F-11D3-BF4B-00C04F79EFBC}") = "BusStationSimulation", "BusStationSimulation\BusStationSimulation.csproj", "{339DAE38-993E-4BFD-818A-AC153ABCFB04}"
EndProject
Project("{FAE04EC0-301F-11D3-BF4B-00C04F79EFBC}") = "BusStationSimulation.Library", "BusStationSimulation.Library\BusStationSimulation.Library.csproj", "{C2CEF9E9-5AC3-47B1-AEC3-39DAFB39A74A}"
EndProject
Global
	GlobalSection(SolutionConfigurationPlatforms) = preSolution
		Debug|Any CPU = Debug|Any CPU
		Release|Any CPU = Release|Any CPU
	EndGlobalSection
	GlobalSection(ProjectConfigurationPlatforms) = postSolution
		{339DAE38-993E-4BFD-818A-AC153ABCFB04}.Debug|Any CPU.ActiveCfg = Debug|Any CPU
		{339DAE38-993E-4BFD-818A-AC153ABCFB04}.Debug|Any CPU.Build.0 = Debug|Any CPU
		{339DAE38-993E-4BFD-818A-AC153ABCFB04}.Release|Any CPU.ActiveCfg = Release|Any CPU
		{339DAE38-993E-4BFD-818A-AC153ABCFB04}.Release|Any CPU.Build.0 = Release|Any CPU
		{C2CEF9E9-5AC3-47B1-AEC3-39DAFB39A74A}.Debug|Any CPU.ActiveCfg = Debug|Any CPU
		{C2CEF9E9-5AC3-47B1-AEC3-39DAFB39A74A}.Debug|Any CPU.Build.0 = Debug|Any CPU
		{C2CEF9E9-5AC3-47B1-AEC3-39DAFB39A74A}.Release|Any CPU.ActiveCfg = Release|Any CPU
		{C2CEF9E9-5AC3-47B1-AEC3-39DAFB39A74A}.Release|Any CPU.Build.0 = Release|Any CPU
	EndGlobalSection
	GlobalSection(SolutionProperties) = preSolution
		HideSolutionNode = FALSE
	EndGlobalSection
	GlobalSection(ExtensibilityGlobals) = postSolution
		SolutionGuid = {10220CE1-C2CE-4F16-B2AE-F6CD3678F021}
	EndGlobalSection
EndGlobal
